{
    "version": 3,
    "terraform_version": "0.11.8",
    "serial": 3,
    "lineage": "a9202e84-7542-018c-44a8-64730ca15945",
    "modules": [
        {
            "path": [
                "root"
            ],
            "outputs": {},
            "resources": {
                "google_container_cluster.primary_cluster": {
                    "type": "google_container_cluster",
                    "depends_on": [
                        "local.cluster_name"
                    ],
                    "primary": {
                        "id": "cluster",
                        "attributes": {
                            "additional_zones.#": "0",
                            "addons_config.#": "1",
                            "addons_config.0.horizontal_pod_autoscaling.#": "0",
                            "addons_config.0.http_load_balancing.#": "0",
                            "addons_config.0.kubernetes_dashboard.#": "0",
                            "addons_config.0.network_policy_config.#": "1",
                            "addons_config.0.network_policy_config.0.disabled": "true",
                            "cluster_ipv4_cidr": "10.32.0.0/14",
                            "description": "",
                            "enable_binary_authorization": "false",
                            "enable_kubernetes_alpha": "false",
                            "enable_legacy_abac": "false",
                            "enable_tpu": "false",
                            "endpoint": "35.231.173.54",
                            "id": "cluster",
                            "initial_node_count": "0",
                            "instance_group_urls.#": "1",
                            "instance_group_urls.0": "https://www.googleapis.com/compute/v1/projects/personal-172200/zones/us-east1-c/instanceGroups/gke-cluster-cluster-07c4257d-grp",
                            "ip_allocation_policy.#": "0",
                            "logging_service": "logging.googleapis.com",
                            "maintenance_policy.#": "0",
                            "master_auth.#": "1",
                            "master_auth.0.client_certificate": "LS0tLS1CRUdJTiBDRVJUSUZJQ0FURS0tLS0tCk1JSUMyakNDQWNLZ0F3SUJBZ0lRSDQ1RnFDcHVMMXZDb3RTVnpRSGNNekFOQmdrcWhraUc5dzBCQVFzRkFEQXYKTVMwd0t3WURWUVFERXlSak9XSm1ZbVl3WXkweU4yUmtMVFEyWW1FdE9HWTJOUzA0WkRNd09XWTNNREUwT1RrdwpIaGNOTVRneE1EQTRNakExTkRNeVdoY05Nak14TURBM01qQTFORE15V2pBUk1ROHdEUVlEVlFRREV3WmpiR2xsCmJuUXdnZ0VpTUEwR0NTcUdTSWIzRFFFQkFRVUFBNElCRHdBd2dnRUtBb0lCQVFDZ3JYWGgrQTNwaDgzMDFsMWgKUUJiMTUvVENRT0YwcG53Wjd1VjF6S1h2d0MrYStVdGxtNEJKZkZpMlA0RVdBdGh4VU5iVkQrQ05WU0haM21EVwpQQTFsa0tndncwTkZXOHIweUtqR01VQzZTaVplU0xQYWxuQnF4Qys2Nm1GekgyelpFclVmUCs5ZFhIUG5SNHFECitTRFIxN01ISnhxd0lEOFZLYjB0RmFNd1IwRGg1TTY2cUc3clYzbjRHV1R6QVNJSFZ0M0pQVmpobWZ6MTJBaGQKdTVjc01PcXhEU0ZqM1BWdllWQmpFNnppU1hmSkNaOFV0dUVCb2hiWDZocE9zRUJFdTVjZXJiWEFrNFVFR1R2RQp2Ri9ITFZ1M1lTNktnQm9pMTdXMzlhZVI1dEtmb2R2U0xZbHJsZUN6T29LWXpVUjRSWTczT29WczRwL3FMbmxsClEzSGJBZ01CQUFHakVEQU9NQXdHQTFVZEV3RUIvd1FDTUFBd0RRWUpLb1pJaHZjTkFRRUxCUUFEZ2dFQkFMQzkKWVNhUElPTXRqMnZ1MVFpN0UycXB3MGNzRmdzcDRMemg1UkVqWmF0S2ZZUlA1T040UzZxcjNVdnNDcjRrMHZJSQpOUUJkVW5zZW5RdEx2cWYvSzR4eDJDNjZrL2lGbHpLdjV6Yjdibko1WGJxajl0VGQrSmMwVjU4YVcxcTVUS3dTCjFMaUFNT3BDSFowMU56bWpGaTIxNmpzbkcxbEJHQzNpZUk3aXU4ZVNZR2wySCsvT2JHVzVKelhSdHAwZHgzYXgKUHE5bi9YNGM0d28wQWJGUHBpbnUrVFV0R3FHRGpGNmVKRERnK0FieXhPdGo0VXl0VXFqVmh1ZnpXSTVTN3diRQovdzh3cGVkNHcvK2E5UUJINnFTZmhvTHFBZzJBc09rdk1RdVVOM1g2QXNaQndPZEtEVmVyMHlIWUxPRXpEVnN5ClZlOW4wRXBGRUMwVkZsVHMybVE9Ci0tLS0tRU5EIENFUlRJRklDQVRFLS0tLS0K",
                            "master_auth.0.client_certificate_config.#": "0",
                            "master_auth.0.client_key": "LS0tLS1CRUdJTiBSU0EgUFJJVkFURSBLRVktLS0tLQpNSUlFb3dJQkFBS0NBUUVBb0sxMTRmZ042WWZOOU5aZFlVQVc5ZWYwd2tEaGRLWjhHZTdsZGN5bDc4QXZtdmxMClpadUFTWHhZdGorQkZnTFljVkRXMVEvZ2pWVWgyZDVnMWp3TlpaQ29MOE5EUlZ2SzlNaW94akZBdWtvbVhraXoKMnBad2FzUXZ1dXBoY3g5czJSSzFIei92WFZ4ejUwZUtnL2tnMGRlekJ5Y2FzQ0EvRlNtOUxSV2pNRWRBNGVUTwp1cWh1NjFkNStCbGs4d0VpQjFiZHlUMVk0Wm44OWRnSVhidVhMRERxc1EwaFk5ejFiMkZRWXhPczRrbDN5UW1mCkZMYmhBYUlXMStvYVRyQkFSTHVYSHEyMXdKT0ZCQms3eEx4Znh5MWJ0MkV1aW9BYUl0ZTF0L1dua2ViU242SGIKMGkySmE1WGdzenFDbU0xRWVFV085enFGYk9LZjZpNTVaVU54MndJREFRQUJBb0lCQUVCejlIS1ZuM2NMRytuWAp4NU9JTXUybmd6NGM2cE54YVJ5NkFOK1ZIUWNrVDdSWnhnM1hKOG5Ta0g5aXovUTFaZjltanhiZWpKUUZEMVFtCjZTOW0zWFRkWnlucHFPVjhvZGc1V2NKTzVZa1V6M2xJcnFURGJnclY4ZE9IeTFsenhLVDY1UjdJOWNxOG1GMngKQy9aT2pBVEJBcmFlMEF6UWtwMTVwY0lkQ040SFJDcllDTTIvdmRmNTlXdkRvTXpjekVBNEc4bTl1bGp5T2VReApmc1dKRHMxSTl1UWNLU01iR2JQeFA4Sk9LbUJJaUFlNllBS2FGYytzSndvNzVoWEwwRGd2Y01OdWFjUWFsUlh4CnRTc2FPNUpBSXBmWkM3S2UwU1RWNVRCWHFybmV6UzNuMURNNlJLYjZGTTdqY1J1TTdORGRPUmN5UCs0RnhPNDgKTk9vVkxnRUNnWUVBMVZXQWpEWExKL0pMcm9aMDc3VUVicUZYK1VLUExRYTZ2bk5kWmJBck1OWGZ4Ujl0a3RxdApiSWZFYjdIcHh4eC82ZDZGclhFTVhYSm1KVFJUNXo4NVlVSGJJQks4MnRzZWxhZ0FIS202U0IxTy95Q05WYnlJCmxxcTVOaXZLZ2VxQTNEbElxZzRob2JNdFZBMXNsRDdMNnBJVmNqcXlFN3VES2Jyc0R0bkg0TnNDZ1lFQXdOQUEKQUhDTHQyalcySVpPU0J5amdCbFRXWHJhZjFkZG5WcFY2Z1NEK3dxZ1gybE1UaEY4SlJJOGNqREhuYXN4cU1wSgo2SkxVQ3NYVndjMTRWd1FJYytubkFtZzhMUWZVQmh5MDBlVTdSRk9mYlZRc3pxRzJkM0kvTGEyM2tTODNzbnNQCmxhQ25oS2QzanNCWStCSHh4RllzYm9mbGNLRDNxbXN4NkxKYkF3RUNnWUFYOGV6bnovSHBuZXlZdmtiSjBRdWEKVDBuTWxJZjFpZGZVSUtiUER5TUo3RGVkckpWajhsK2MydkJWaVNhd1RxYWMzWGtycXBDMHZHNXlwcGowVDhoawovanRXTWtRNFhIZm1YR0VHMXBZdUdmd1A3dHR1VUNjVW9qei9zNUtiV25MMFJRbSs3Szhoc3piWFJGcDNtVVRTCkkydDgwdEhDSFQzdnBTZHgwMGY0R1FLQmdRQ1JPbG8xK28rU0p6cGtQczBwemNCdEZTWk5xSlo1QWdJMktqdTYKRjRxZGhVU0VlUmlMV09vc05nOG5aNHlET3RZZHI3aDVvRlpzZ3RUZHMvam5lZGN3RDhiN2JpMmRNVjlHOTBwUApLcDA0ZXRBRGxqcGxyVEoxeDZ6RXFDc3pCT0NyNDdzNlZaYTMrVGU1WXpIZ01BdnRlWWJmL2lZWWJuWDllOTVNCnlrSjVBUUtCZ0NUUEFkTEc4cEs3Zm5ZYVViOTdGRmhMRzgzZHBjbVd2UG9Mczh6L3AyazkxR0FLd3h4bWhxbEsKMmlPRkxwMEpxKytEdGVVVEVRT2IwNENmWWpSenRyam5Sc1pSWWQ0Rm93NkREUnN4ZWFPbWtFaHVWRmd0SXZVOQppVGh6MHljU0RpZkxma1hvYnJTM3RBTkpqYkYyOFVtL2JoVXBhWko2bTdGOHRTc1JtV0lVCi0tLS0tRU5EIFJTQSBQUklWQVRFIEtFWS0tLS0tCg==",
                            "master_auth.0.cluster_ca_certificate": "LS0tLS1CRUdJTiBDRVJUSUZJQ0FURS0tLS0tCk1JSURDekNDQWZPZ0F3SUJBZ0lRRzNoYW8yQk9KeWZxOGY1NGZEQkl1akFOQmdrcWhraUc5dzBCQVFzRkFEQXYKTVMwd0t3WURWUVFERXlSak9XSm1ZbVl3WXkweU4yUmtMVFEyWW1FdE9HWTJOUzA0WkRNd09XWTNNREUwT1RrdwpIaGNOTVRneE1EQTRNVGsxTkRNeFdoY05Nak14TURBM01qQTFORE14V2pBdk1TMHdLd1lEVlFRREV5UmpPV0ptClltWXdZeTB5TjJSa0xUUTJZbUV0T0dZMk5TMDRaRE13T1dZM01ERTBPVGt3Z2dFaU1BMEdDU3FHU0liM0RRRUIKQVFVQUE0SUJEd0F3Z2dFS0FvSUJBUURSTDhXWExjNFZqRGFwTUl2Z1NlYUludGR3c3FLbTRVN25hajBHbld0dQo1Tjd3bmozUElJbjM5aElMYUZQZzFlRU9oS0pnWVh2YVc5Ritqci9EdkdveUJQUFh2eHlLdE1uMTE4WHp1QzZSCjJNVGNIdlY3ajlzWDVBS0hlSjYyM2Z6SUl3VHpWZWdYT1BrdHpPanNBWStFZmVmNUVSOWxGbDV0V1A3SUZHbGkKSzZiemdYbjJjTysvRGt5aFJ1UEZTMFFINUZsWnhWcXZDQXZuWDdNdlZ6ZFdQcnYxblZJZ1dvT2J2eW45L0lGdwpxaXphcnJYT2ZKeVk0QzhDWllsem9IMldyb3ZTUEhwSlRzRGZjVGh1ekNpOVFYTm4yWXV4a0VkT3ozMFVFQ3RzCjR0d2kwc3k0UUlodHFPRkZuc0EreExSVzF4cFcxWHZIUjVBKzV2UzRZQllOQWdNQkFBR2pJekFoTUE0R0ExVWQKRHdFQi93UUVBd0lDQkRBUEJnTlZIUk1CQWY4RUJUQURBUUgvTUEwR0NTcUdTSWIzRFFFQkN3VUFBNElCQVFBKwpPWHk0VlIyMTF1NklDcU5tUXYvR1ZvN1Bic3YxenVvV0lCU2YvcSsvMk03aHVzdW44T2lCQXlxRjRQM0lFWWFECjdKRUtjWkFnL0ZYSCtqTmFTTUJrdGNXQTU4NnFTc0FaL0Q1d25IWkIvTC82czM3VVBkSXBIQ3BmY0RZTDE4d2IKc2RoaXE1dG9LZFVMVzcySWFpV3MzbnFFT1RYc1UvS2dNZWliRVA2UzNXVHdCeVJJVFFDeGt5Sm5xTkhXSjBndwpDeG0raEQ2NWNPNkcycEhJOXp0NmthUUNkUUZlUGUvMlZJcXRwU1I1c3hCSXEyTEc0U21DQnhCQ21Ja2MrMjZVClk0Y2gyTUl4c0NVaFEreGM5UXdwWWlwTW5WTy9sdXljZzh0V3BMNUt4aVlmdytXeloxNm41WUkwejdjczd0b2cKQ0h5QUJ1Ri9GWTIwVldvVlhmTHUKLS0tLS1FTkQgQ0VSVElGSUNBVEUtLS0tLQo=",
                            "master_auth.0.password": "HJdWNchSUUlDfh3q",
                            "master_auth.0.username": "admin",
                            "master_authorized_networks_config.#": "0",
                            "master_ipv4_cidr_block": "",
                            "master_version": "1.9.7-gke.6",
                            "monitoring_service": "monitoring.googleapis.com",
                            "name": "cluster",
                            "network": "projects/personal-172200/global/networks/default",
                            "network_policy.#": "1",
                            "network_policy.0.enabled": "false",
                            "network_policy.0.provider": "PROVIDER_UNSPECIFIED",
                            "node_config.#": "1",
                            "node_config.0.disk_size_gb": "100",
                            "node_config.0.disk_type": "pd-standard",
                            "node_config.0.guest_accelerator.#": "0",
                            "node_config.0.image_type": "COS",
                            "node_config.0.labels.%": "0",
                            "node_config.0.local_ssd_count": "0",
                            "node_config.0.machine_type": "n1-standard-1",
                            "node_config.0.metadata.%": "0",
                            "node_config.0.min_cpu_platform": "",
                            "node_config.0.oauth_scopes.#": "6",
                            "node_config.0.oauth_scopes.1277378754": "https://www.googleapis.com/auth/monitoring",
                            "node_config.0.oauth_scopes.1632638332": "https://www.googleapis.com/auth/devstorage.read_only",
                            "node_config.0.oauth_scopes.172152165": "https://www.googleapis.com/auth/logging.write",
                            "node_config.0.oauth_scopes.316356861": "https://www.googleapis.com/auth/service.management.readonly",
                            "node_config.0.oauth_scopes.3663490875": "https://www.googleapis.com/auth/servicecontrol",
                            "node_config.0.oauth_scopes.3859019814": "https://www.googleapis.com/auth/trace.append",
                            "node_config.0.preemptible": "false",
                            "node_config.0.service_account": "default",
                            "node_config.0.tags.#": "0",
                            "node_config.0.taint.#": "0",
                            "node_config.0.workload_metadata_config.#": "0",
                            "node_pool.#": "1",
                            "node_pool.0.autoscaling.#": "0",
                            "node_pool.0.initial_node_count": "1",
                            "node_pool.0.instance_group_urls.#": "1",
                            "node_pool.0.instance_group_urls.0": "https://www.googleapis.com/compute/v1/projects/personal-172200/zones/us-east1-c/instanceGroupManagers/gke-cluster-cluster-07c4257d-grp",
                            "node_pool.0.management.#": "1",
                            "node_pool.0.management.0.auto_repair": "false",
                            "node_pool.0.management.0.auto_upgrade": "false",
                            "node_pool.0.max_pods_per_node": "0",
                            "node_pool.0.name": "cluster",
                            "node_pool.0.name_prefix": "",
                            "node_pool.0.node_config.#": "1",
                            "node_pool.0.node_config.0.disk_size_gb": "100",
                            "node_pool.0.node_config.0.disk_type": "pd-standard",
                            "node_pool.0.node_config.0.guest_accelerator.#": "0",
                            "node_pool.0.node_config.0.image_type": "COS",
                            "node_pool.0.node_config.0.labels.%": "0",
                            "node_pool.0.node_config.0.local_ssd_count": "0",
                            "node_pool.0.node_config.0.machine_type": "n1-standard-1",
                            "node_pool.0.node_config.0.metadata.%": "0",
                            "node_pool.0.node_config.0.min_cpu_platform": "",
                            "node_pool.0.node_config.0.oauth_scopes.#": "6",
                            "node_pool.0.node_config.0.oauth_scopes.1277378754": "https://www.googleapis.com/auth/monitoring",
                            "node_pool.0.node_config.0.oauth_scopes.1632638332": "https://www.googleapis.com/auth/devstorage.read_only",
                            "node_pool.0.node_config.0.oauth_scopes.172152165": "https://www.googleapis.com/auth/logging.write",
                            "node_pool.0.node_config.0.oauth_scopes.316356861": "https://www.googleapis.com/auth/service.management.readonly",
                            "node_pool.0.node_config.0.oauth_scopes.3663490875": "https://www.googleapis.com/auth/servicecontrol",
                            "node_pool.0.node_config.0.oauth_scopes.3859019814": "https://www.googleapis.com/auth/trace.append",
                            "node_pool.0.node_config.0.preemptible": "false",
                            "node_pool.0.node_config.0.service_account": "default",
                            "node_pool.0.node_config.0.tags.#": "0",
                            "node_pool.0.node_config.0.taint.#": "0",
                            "node_pool.0.node_config.0.workload_metadata_config.#": "0",
                            "node_pool.0.node_count": "1",
                            "node_pool.0.version": "1.9.7-gke.6",
                            "node_version": "1.9.7-gke.6",
                            "pod_security_policy_config.#": "0",
                            "private_cluster": "false",
                            "project": "personal-172200",
                            "resource_labels.%": "0",
                            "subnetwork": "projects/personal-172200/regions/us-east1/subnetworks/default",
                            "zone": "us-east1-c"
                        },
                        "meta": {
                            "e2bfb730-ecaa-11e6-8f88-34363bc7c4c0": {
                                "create": 1800000000000,
                                "delete": 1800000000000,
                                "update": 600000000000
                            },
                            "schema_version": "1"
                        },
                        "tainted": false
                    },
                    "deposed": [],
                    "provider": "provider.google"
                },
                "kubernetes_deployment.example": {
                    "type": "kubernetes_deployment",
                    "depends_on": [],
                    "primary": {
                        "id": "default/example",
                        "attributes": {
                            "id": "default/example",
                            "metadata.#": "1",
                            "metadata.0.annotations.%": "0",
                            "metadata.0.generate_name": "",
                            "metadata.0.generation": "1",
                            "metadata.0.labels.%": "0",
                            "metadata.0.name": "example",
                            "metadata.0.namespace": "default",
                            "metadata.0.resource_version": "110695252",
                            "metadata.0.self_link": "/apis/apps/v1/namespaces/default/deployments/example",
                            "metadata.0.uid": "4642a3c0-cb3b-11e8-b577-42010a800057",
                            "spec.#": "1",
                            "spec.0.min_ready_seconds": "0",
                            "spec.0.paused": "false",
                            "spec.0.progress_deadline_seconds": "600",
                            "spec.0.replicas": "1",
                            "spec.0.revision_history_limit": "10",
                            "spec.0.selector.%": "1",
                            "spec.0.selector.app": "example",
                            "spec.0.strategy.#": "1",
                            "spec.0.strategy.0.rolling_update.#": "1",
                            "spec.0.strategy.0.rolling_update.0.max_surge": "25%",
                            "spec.0.strategy.0.rolling_update.0.max_unavailable": "25%",
                            "spec.0.strategy.0.type": "RollingUpdate",
                            "spec.0.template.#": "1",
                            "spec.0.template.0.active_deadline_seconds": "",
                            "spec.0.template.0.automount_service_account_token": "",
                            "spec.0.template.0.container": "",
                            "spec.0.template.0.dns_policy": "",
                            "spec.0.template.0.host_ipc": "",
                            "spec.0.template.0.host_network": "",
                            "spec.0.template.0.host_pid": "",
                            "spec.0.template.0.hostname": "",
                            "spec.0.template.0.init_container": "",
                            "spec.0.template.0.metadata.#": "1",
                            "spec.0.template.0.metadata.0.annotations.%": "0",
                            "spec.0.template.0.metadata.0.generate_name": "",
                            "spec.0.template.0.metadata.0.generation": "0",
                            "spec.0.template.0.metadata.0.labels.%": "1",
                            "spec.0.template.0.metadata.0.labels.app": "example",
                            "spec.0.template.0.metadata.0.name": "",
                            "spec.0.template.0.metadata.0.resource_version": "",
                            "spec.0.template.0.metadata.0.self_link": "",
                            "spec.0.template.0.metadata.0.uid": "",
                            "spec.0.template.0.node_name": "",
                            "spec.0.template.0.node_selector": "",
                            "spec.0.template.0.restart_policy": "",
                            "spec.0.template.0.security_context": "",
                            "spec.0.template.0.service_account_name": "",
                            "spec.0.template.0.spec.#": "1",
                            "spec.0.template.0.spec.0.active_deadline_seconds": "0",
                            "spec.0.template.0.spec.0.automount_service_account_token": "true",
                            "spec.0.template.0.spec.0.container.#": "1",
                            "spec.0.template.0.spec.0.container.0.args.#": "0",
                            "spec.0.template.0.spec.0.container.0.command.#": "0",
                            "spec.0.template.0.spec.0.container.0.env.#": "0",
                            "spec.0.template.0.spec.0.container.0.env_from.#": "0",
                            "spec.0.template.0.spec.0.container.0.image": "hello-world",
                            "spec.0.template.0.spec.0.container.0.image_pull_policy": "Always",
                            "spec.0.template.0.spec.0.container.0.lifecycle.#": "0",
                            "spec.0.template.0.spec.0.container.0.liveness_probe.#": "0",
                            "spec.0.template.0.spec.0.container.0.name": "example",
                            "spec.0.template.0.spec.0.container.0.port.#": "0",
                            "spec.0.template.0.spec.0.container.0.readiness_probe.#": "0",
                            "spec.0.template.0.spec.0.container.0.resources.#": "1",
                            "spec.0.template.0.spec.0.container.0.security_context.#": "0",
                            "spec.0.template.0.spec.0.container.0.stdin": "false",
                            "spec.0.template.0.spec.0.container.0.stdin_once": "false",
                            "spec.0.template.0.spec.0.container.0.termination_message_path": "/dev/termination-log",
                            "spec.0.template.0.spec.0.container.0.tty": "false",
                            "spec.0.template.0.spec.0.container.0.volume_mount.#": "0",
                            "spec.0.template.0.spec.0.container.0.working_dir": "",
                            "spec.0.template.0.spec.0.dns_policy": "ClusterFirst",
                            "spec.0.template.0.spec.0.host_ipc": "false",
                            "spec.0.template.0.spec.0.host_network": "false",
                            "spec.0.template.0.spec.0.host_pid": "false",
                            "spec.0.template.0.spec.0.hostname": "",
                            "spec.0.template.0.spec.0.image_pull_secrets.#": "0",
                            "spec.0.template.0.spec.0.init_container.#": "0",
                            "spec.0.template.0.spec.0.node_name": "",
                            "spec.0.template.0.spec.0.node_selector.%": "0",
                            "spec.0.template.0.spec.0.restart_policy": "Always",
                            "spec.0.template.0.spec.0.security_context.#": "0",
                            "spec.0.template.0.spec.0.service_account_name": "",
                            "spec.0.template.0.spec.0.subdomain": "",
                            "spec.0.template.0.spec.0.termination_grace_period_seconds": "30",
                            "spec.0.template.0.spec.0.toleration.#": "0",
                            "spec.0.template.0.spec.0.volume.#": "0",
                            "spec.0.template.0.subdomain": "",
                            "spec.0.template.0.termination_grace_period_seconds": "",
                            "spec.0.template.0.volume": ""
                        },
                        "meta": {
                            "e2bfb730-ecaa-11e6-8f88-34363bc7c4c0": {
                                "create": 600000000000,
                                "delete": 600000000000,
                                "update": 600000000000
                            },
                            "schema_version": "2"
                        },
                        "tainted": false
                    },
                    "deposed": [],
                    "provider": "provider.kubernetes"
                },
                "kubernetes_service.example-service": {
                    "type": "kubernetes_service",
                    "depends_on": [
                        "local.port"
                    ],
                    "primary": {
                        "id": "default/example-service",
                        "attributes": {
                            "id": "default/example-service",
                            "load_balancer_ingress.#": "0",
                            "metadata.#": "1",
                            "metadata.0.annotations.%": "0",
                            "metadata.0.generate_name": "",
                            "metadata.0.generation": "0",
                            "metadata.0.labels.%": "0",
                            "metadata.0.name": "example-service",
                            "metadata.0.namespace": "default",
                            "metadata.0.resource_version": "110695242",
                            "metadata.0.self_link": "/api/v1/namespaces/default/services/example-service",
                            "metadata.0.uid": "464009f9-cb3b-11e8-b577-42010a800057",
                            "spec.#": "1",
                            "spec.0.cluster_ip": "10.3.255.201",
                            "spec.0.external_ips.#": "0",
                            "spec.0.external_name": "",
                            "spec.0.load_balancer_ip": "",
                            "spec.0.load_balancer_source_ranges.#": "0",
                            "spec.0.port.#": "1",
                            "spec.0.port.0.name": "",
                            "spec.0.port.0.node_port": "0",
                            "spec.0.port.0.port": "80",
                            "spec.0.port.0.protocol": "TCP",
                            "spec.0.port.0.target_port": "3000",
                            "spec.0.selector.%": "1",
                            "spec.0.selector.app": "example",
                            "spec.0.session_affinity": "None",
                            "spec.0.type": "ClusterIP"
                        },
                        "meta": {},
                        "tainted": false
                    },
                    "deposed": [],
                    "provider": "provider.kubernetes"
                }
            },
            "depends_on": []
        }
    ]
}
